
Microsoft Visual Studio Solution File, Format Version 12.00
# Visual Studio Version 17
VisualStudioVersion = 17.0.32014.148
MinimumVisualStudioVersion = 10.0.40219.1
Project("{FAE04EC0-301F-11D3-BF4B-00C04F79EFBC}") = "PicturePerfect", "PicturePerfect\PicturePerfect.csproj", "{4EE14380-F94A-4BB8-A2B2-1E318BBC30E3}"
EndProject
Global
	GlobalSection(SolutionConfigurationPlatforms) = preSolution
		Debug|Any CPU = Debug|Any CPU
		Release|Any CPU = Release|Any CPU
	EndGlobalSection
	GlobalSection(ProjectConfigurationPlatforms) = postSolution
		{4EE14380-F94A-4BB8-A2B2-1E318BBC30E3}.Debug|Any CPU.ActiveCfg = Debug|Any CPU
		{4EE14380-F94A-4BB8-A2B2-1E318BBC30E3}.Debug|Any CPU.Build.0 = Debug|Any CPU
		{4EE14380-F94A-4BB8-A2B2-1E318BBC30E3}.Release|Any CPU.ActiveCfg = Release|Any CPU
		{4EE14380-F94A-4BB8-A2B2-1E318BBC30E3}.Release|Any CPU.Build.0 = Release|Any CPU
	EndGlobalSection
	GlobalSection(SolutionProperties) = preSolution
		HideSolutionNode = FALSE
	EndGlobalSection
	GlobalSection(ExtensibilityGlobals) = postSolution
		SolutionGuid = {0CB8070B-7749-44AE-81BF-1E65AB5AA5B5}
	EndGlobalSection
EndGlobal
